
Microsoft Visual Studio Solution File, Format Version 12.00
# Visual Studio 2013
VisualStudioVersion = 12.0.21005.1
MinimumVisualStudioVersion = 10.0.40219.1
Project("{FAE04EC0-301F-11D3-BF4B-00C04F79EFBC}") = "Caribs", "Caribs\Caribs.csproj", "{A2E009D5-4E3B-4CCE-9F8C-E3D802875EB8}"
EndProject
Project("{FAE04EC0-301F-11D3-BF4B-00C04F79EFBC}") = "Caribs.Common", "Caribs.Common\Caribs.Common.csproj", "{FE062588-EB15-4065-A607-154298C6B96F}"
EndProject
Project("{FAE04EC0-301F-11D3-BF4B-00C04F79EFBC}") = "Caribs.Domain", "Caribs.Domain\Caribs.Domain.csproj", "{66936A88-3492-401B-BEE7-2016680D5046}"
EndProject
Project("{FAE04EC0-301F-11D3-BF4B-00C04F79EFBC}") = "Caribs.Services", "Caribs.Services\Caribs.Services.csproj", "{BD1F1320-96E0-40D6-B33D-33DF8F99C0AA}"
EndProject
Global
	GlobalSection(SolutionConfigurationPlatforms) = preSolution
		Debug|Any CPU = Debug|Any CPU
		Release|Any CPU = Release|Any CPU
	EndGlobalSection
	GlobalSection(ProjectConfigurationPlatforms) = postSolution
		{A2E009D5-4E3B-4CCE-9F8C-E3D802875EB8}.Debug|Any CPU.ActiveCfg = Debug|Any CPU
		{A2E009D5-4E3B-4CCE-9F8C-E3D802875EB8}.Debug|Any CPU.Build.0 = Debug|Any CPU
		{A2E009D5-4E3B-4CCE-9F8C-E3D802875EB8}.Release|Any CPU.ActiveCfg = Release|Any CPU
		{A2E009D5-4E3B-4CCE-9F8C-E3D802875EB8}.Release|Any CPU.Build.0 = Release|Any CPU
		{FE062588-EB15-4065-A607-154298C6B96F}.Debug|Any CPU.ActiveCfg = Debug|Any CPU
		{FE062588-EB15-4065-A607-154298C6B96F}.Debug|Any CPU.Build.0 = Debug|Any CPU
		{FE062588-EB15-4065-A607-154298C6B96F}.Release|Any CPU.ActiveCfg = Release|Any CPU
		{FE062588-EB15-4065-A607-154298C6B96F}.Release|Any CPU.Build.0 = Release|Any CPU
		{66936A88-3492-401B-BEE7-2016680D5046}.Debug|Any CPU.ActiveCfg = Debug|Any CPU
		{66936A88-3492-401B-BEE7-2016680D5046}.Debug|Any CPU.Build.0 = Debug|Any CPU
		{66936A88-3492-401B-BEE7-2016680D5046}.Release|Any CPU.ActiveCfg = Release|Any CPU
		{66936A88-3492-401B-BEE7-2016680D5046}.Release|Any CPU.Build.0 = Release|Any CPU
		{BD1F1320-96E0-40D6-B33D-33DF8F99C0AA}.Debug|Any CPU.ActiveCfg = Debug|Any CPU
		{BD1F1320-96E0-40D6-B33D-33DF8F99C0AA}.Debug|Any CPU.Build.0 = Debug|Any CPU
		{BD1F1320-96E0-40D6-B33D-33DF8F99C0AA}.Release|Any CPU.ActiveCfg = Release|Any CPU
		{BD1F1320-96E0-40D6-B33D-33DF8F99C0AA}.Release|Any CPU.Build.0 = Release|Any CPU
	EndGlobalSection
	GlobalSection(SolutionProperties) = preSolution
		HideSolutionNode = FALSE
	EndGlobalSection
EndGlobal
